// !$*UTF8*$!
{
	archiveVersion = 1;
	classes = {
	};
	objectVersion = 56;
	objects = {

/* Begin PBXBuildFile section */
		FA3510E02AEDBFC2009AC75B /* VelocityApp.swift in Sources */ = {isa = PBXBuildFile; fileRef = FA3510DF2AEDBFC2009AC75B /* VelocityApp.swift */; };
		FA3510E22AEDBFC2009AC75B /* MainView.swift in Sources */ = {isa = PBXBuildFile; fileRef = FA3510E12AEDBFC2009AC75B /* MainView.swift */; };
		FA3510E42AEDBFC5009AC75B /* Assets.xcassets in Resources */ = {isa = PBXBuildFile; fileRef = FA3510E32AEDBFC5009AC75B /* Assets.xcassets */; };
		FA3510E72AEDBFC5009AC75B /* Preview Assets.xcassets in Resources */ = {isa = PBXBuildFile; fileRef = FA3510E62AEDBFC5009AC75B /* Preview Assets.xcassets */; };
		FA3510F12AEDBFC5009AC75B /* VelocityTests.swift in Sources */ = {isa = PBXBuildFile; fileRef = FA3510F02AEDBFC5009AC75B /* VelocityTests.swift */; };
		FA3510FB2AEDBFC5009AC75B /* VelocityUITests.swift in Sources */ = {isa = PBXBuildFile; fileRef = FA3510FA2AEDBFC5009AC75B /* VelocityUITests.swift */; };
		FA3510FD2AEDBFC5009AC75B /* VelocityUITestsLaunchTests.swift in Sources */ = {isa = PBXBuildFile; fileRef = FA3510FC2AEDBFC5009AC75B /* VelocityUITestsLaunchTests.swift */; };
		FA35110C2AEDC5C7009AC75B /* FirebaseAuth in Frameworks */ = {isa = PBXBuildFile; productRef = FA35110B2AEDC5C7009AC75B /* FirebaseAuth */; };
		FA35110E2AEDC5C7009AC75B /* FirebaseFirestore in Frameworks */ = {isa = PBXBuildFile; productRef = FA35110D2AEDC5C7009AC75B /* FirebaseFirestore */; };
		FA3511102AEDC5C7009AC75B /* FirebaseFirestoreSwift in Frameworks */ = {isa = PBXBuildFile; productRef = FA35110F2AEDC5C7009AC75B /* FirebaseFirestoreSwift */; };
		FA3511122AEDC742009AC75B /* GoogleService-Info.plist in Resources */ = {isa = PBXBuildFile; fileRef = FA3511112AEDC742009AC75B /* GoogleService-Info.plist */; };
		FA3511192AEDD671009AC75B /* ProfileView.swift in Sources */ = {isa = PBXBuildFile; fileRef = FA3511182AEDD671009AC75B /* ProfileView.swift */; };
		FA35111B2AEDD67F009AC75B /* ToDoListView.swift in Sources */ = {isa = PBXBuildFile; fileRef = FA35111A2AEDD67F009AC75B /* ToDoListView.swift */; };
		FA35111D2AEDD68D009AC75B /* NewItemView.swift in Sources */ = {isa = PBXBuildFile; fileRef = FA35111C2AEDD68D009AC75B /* NewItemView.swift */; };
		FA35111F2AEDD697009AC75B /* LoginView.swift in Sources */ = {isa = PBXBuildFile; fileRef = FA35111E2AEDD697009AC75B /* LoginView.swift */; };
		FA3511212AEDD6A2009AC75B /* RegisterView.swift in Sources */ = {isa = PBXBuildFile; fileRef = FA3511202AEDD6A2009AC75B /* RegisterView.swift */; };
		FA3511232AEDD6B9009AC75B /* ToDoListItemView.swift in Sources */ = {isa = PBXBuildFile; fileRef = FA3511222AEDD6B9009AC75B /* ToDoListItemView.swift */; };
		FA3511252AEDD96C009AC75B /* User.swift in Sources */ = {isa = PBXBuildFile; fileRef = FA3511242AEDD96C009AC75B /* User.swift */; };
		FA3511272AEDD975009AC75B /* ToDoListItem.swift in Sources */ = {isa = PBXBuildFile; fileRef = FA3511262AEDD975009AC75B /* ToDoListItem.swift */; };
		FA3511292AEDDB22009AC75B /* MainViewViewModel.swift in Sources */ = {isa = PBXBuildFile; fileRef = FA3511282AEDDB22009AC75B /* MainViewViewModel.swift */; };
		FA35112B2AEDDB2D009AC75B /* ProfileViewViewModel.swift in Sources */ = {isa = PBXBuildFile; fileRef = FA35112A2AEDDB2D009AC75B /* ProfileViewViewModel.swift */; };
		FA35112D2AEDDB3B009AC75B /* ToDoListViewViewModel.swift in Sources */ = {isa = PBXBuildFile; fileRef = FA35112C2AEDDB3B009AC75B /* ToDoListViewViewModel.swift */; };
		FA35112F2AEDDB44009AC75B /* NewItemViewViewModel.swift in Sources */ = {isa = PBXBuildFile; fileRef = FA35112E2AEDDB44009AC75B /* NewItemViewViewModel.swift */; };
		FA3511312AEDDB58009AC75B /* LoginViewViewModel.swift in Sources */ = {isa = PBXBuildFile; fileRef = FA3511302AEDDB58009AC75B /* LoginViewViewModel.swift */; };
		FA3511332AEDDB71009AC75B /* RegisterViewViewModel.swift in Sources */ = {isa = PBXBuildFile; fileRef = FA3511322AEDDB71009AC75B /* RegisterViewViewModel.swift */; };
		FA3511352AEDDB84009AC75B /* ToDoListItemViewViewModel.swift in Sources */ = {isa = PBXBuildFile; fileRef = FA3511342AEDDB84009AC75B /* ToDoListItemViewViewModel.swift */; };
		FA3511372AEEE1BB009AC75B /* HeaderView.swift in Sources */ = {isa = PBXBuildFile; fileRef = FA3511362AEEE1BB009AC75B /* HeaderView.swift */; };
		FA3511392AEEE93B009AC75B /* VButton.swift in Sources */ = {isa = PBXBuildFile; fileRef = FA3511382AEEE93B009AC75B /* VButton.swift */; };
		FA35113B2AEF385F009AC75B /* Extensions.swift in Sources */ = {isa = PBXBuildFile; fileRef = FA35113A2AEF385F009AC75B /* Extensions.swift */; };
		FA7E66372B01D6E5004171CC /* ml_model.py in Resources */ = {isa = PBXBuildFile; fileRef = FA7E66362B01D6E5004171CC /* ml_model.py */; };
		FA7E663A2B01D825004171CC /* PythonKit in Frameworks */ = {isa = PBXBuildFile; productRef = FA7E66392B01D825004171CC /* PythonKit */; };
		FA9E904A2B25778A002FA304 /* training.csv in Resources */ = {isa = PBXBuildFile; fileRef = FA9E90492B25778A002FA304 /* training.csv */; };
/* End PBXBuildFile section */

/* Begin PBXContainerItemProxy section */
		FA3510ED2AEDBFC5009AC75B /* PBXContainerItemProxy */ = {
			isa = PBXContainerItemProxy;
			containerPortal = FA3510D42AEDBFC2009AC75B /* Project object */;
			proxyType = 1;
			remoteGlobalIDString = FA3510DB2AEDBFC2009AC75B;
			remoteInfo = Velocity;
		};
		FA3510F72AEDBFC5009AC75B /* PBXContainerItemProxy */ = {
			isa = PBXContainerItemProxy;
			containerPortal = FA3510D42AEDBFC2009AC75B /* Project object */;
			proxyType = 1;
			remoteGlobalIDString = FA3510DB2AEDBFC2009AC75B;
			remoteInfo = Velocity;
		};
/* End PBXContainerItemProxy section */

/* Begin PBXFileReference section */
		FA3510DC2AEDBFC2009AC75B /* Velocity.app */ = {isa = PBXFileReference; explicitFileType = wrapper.application; includeInIndex = 0; path = Velocity.app; sourceTree = BUILT_PRODUCTS_DIR; };
		FA3510DF2AEDBFC2009AC75B /* VelocityApp.swift */ = {isa = PBXFileReference; lastKnownFileType = sourcecode.swift; path = VelocityApp.swift; sourceTree = "<group>"; };
		FA3510E12AEDBFC2009AC75B /* MainView.swift */ = {isa = PBXFileReference; lastKnownFileType = sourcecode.swift; path = MainView.swift; sourceTree = "<group>"; };
		FA3510E32AEDBFC5009AC75B /* Assets.xcassets */ = {isa = PBXFileReference; lastKnownFileType = folder.assetcatalog; path = Assets.xcassets; sourceTree = "<group>"; };
		FA3510E62AEDBFC5009AC75B /* Preview Assets.xcassets */ = {isa = PBXFileReference; lastKnownFileType = folder.assetcatalog; path = "Preview Assets.xcassets"; sourceTree = "<group>"; };
		FA3510EC2AEDBFC5009AC75B /* VelocityTests.xctest */ = {isa = PBXFileReference; explicitFileType = wrapper.cfbundle; includeInIndex = 0; path = VelocityTests.xctest; sourceTree = BUILT_PRODUCTS_DIR; };
		FA3510F02AEDBFC5009AC75B /* VelocityTests.swift */ = {isa = PBXFileReference; lastKnownFileType = sourcecode.swift; path = VelocityTests.swift; sourceTree = "<group>"; };
		FA3510F62AEDBFC5009AC75B /* VelocityUITests.xctest */ = {isa = PBXFileReference; explicitFileType = wrapper.cfbundle; includeInIndex = 0; path = VelocityUITests.xctest; sourceTree = BUILT_PRODUCTS_DIR; };
		FA3510FA2AEDBFC5009AC75B /* VelocityUITests.swift */ = {isa = PBXFileReference; lastKnownFileType = sourcecode.swift; path = VelocityUITests.swift; sourceTree = "<group>"; };
		FA3510FC2AEDBFC5009AC75B /* VelocityUITestsLaunchTests.swift */ = {isa = PBXFileReference; lastKnownFileType = sourcecode.swift; path = VelocityUITestsLaunchTests.swift; sourceTree = "<group>"; };
		FA3511112AEDC742009AC75B /* GoogleService-Info.plist */ = {isa = PBXFileReference; fileEncoding = 4; lastKnownFileType = text.plist.xml; path = "GoogleService-Info.plist"; sourceTree = "<group>"; };
		FA3511172AEDD5B6009AC75B /* README.md */ = {isa = PBXFileReference; lastKnownFileType = net.daringfireball.markdown; path = README.md; sourceTree = "<group>"; };
		FA3511182AEDD671009AC75B /* ProfileView.swift */ = {isa = PBXFileReference; lastKnownFileType = sourcecode.swift; path = ProfileView.swift; sourceTree = "<group>"; };
		FA35111A2AEDD67F009AC75B /* ToDoListView.swift */ = {isa = PBXFileReference; lastKnownFileType = sourcecode.swift; path = ToDoListView.swift; sourceTree = "<group>"; };
		FA35111C2AEDD68D009AC75B /* NewItemView.swift */ = {isa = PBXFileReference; lastKnownFileType = sourcecode.swift; path = NewItemView.swift; sourceTree = "<group>"; };
		FA35111E2AEDD697009AC75B /* LoginView.swift */ = {isa = PBXFileReference; lastKnownFileType = sourcecode.swift; path = LoginView.swift; sourceTree = "<group>"; };
		FA3511202AEDD6A2009AC75B /* RegisterView.swift */ = {isa = PBXFileReference; lastKnownFileType = sourcecode.swift; path = RegisterView.swift; sourceTree = "<group>"; };
		FA3511222AEDD6B9009AC75B /* ToDoListItemView.swift */ = {isa = PBXFileReference; lastKnownFileType = sourcecode.swift; path = ToDoListItemView.swift; sourceTree = "<group>"; };
		FA3511242AEDD96C009AC75B /* User.swift */ = {isa = PBXFileReference; lastKnownFileType = sourcecode.swift; path = User.swift; sourceTree = "<group>"; };
		FA3511262AEDD975009AC75B /* ToDoListItem.swift */ = {isa = PBXFileReference; lastKnownFileType = sourcecode.swift; path = ToDoListItem.swift; sourceTree = "<group>"; };
		FA3511282AEDDB22009AC75B /* MainViewViewModel.swift */ = {isa = PBXFileReference; lastKnownFileType = sourcecode.swift; path = MainViewViewModel.swift; sourceTree = "<group>"; };
		FA35112A2AEDDB2D009AC75B /* ProfileViewViewModel.swift */ = {isa = PBXFileReference; lastKnownFileType = sourcecode.swift; path = ProfileViewViewModel.swift; sourceTree = "<group>"; };
		FA35112C2AEDDB3B009AC75B /* ToDoListViewViewModel.swift */ = {isa = PBXFileReference; lastKnownFileType = sourcecode.swift; path = ToDoListViewViewModel.swift; sourceTree = "<group>"; };
		FA35112E2AEDDB44009AC75B /* NewItemViewViewModel.swift */ = {isa = PBXFileReference; lastKnownFileType = sourcecode.swift; path = NewItemViewViewModel.swift; sourceTree = "<group>"; };
		FA3511302AEDDB58009AC75B /* LoginViewViewModel.swift */ = {isa = PBXFileReference; lastKnownFileType = sourcecode.swift; path = LoginViewViewModel.swift; sourceTree = "<group>"; };
		FA3511322AEDDB71009AC75B /* RegisterViewViewModel.swift */ = {isa = PBXFileReference; lastKnownFileType = sourcecode.swift; path = RegisterViewViewModel.swift; sourceTree = "<group>"; };
		FA3511342AEDDB84009AC75B /* ToDoListItemViewViewModel.swift */ = {isa = PBXFileReference; lastKnownFileType = sourcecode.swift; path = ToDoListItemViewViewModel.swift; sourceTree = "<group>"; };
		FA3511362AEEE1BB009AC75B /* HeaderView.swift */ = {isa = PBXFileReference; lastKnownFileType = sourcecode.swift; path = HeaderView.swift; sourceTree = "<group>"; };
		FA3511382AEEE93B009AC75B /* VButton.swift */ = {isa = PBXFileReference; lastKnownFileType = sourcecode.swift; path = VButton.swift; sourceTree = "<group>"; };
		FA35113A2AEF385F009AC75B /* Extensions.swift */ = {isa = PBXFileReference; lastKnownFileType = sourcecode.swift; path = Extensions.swift; sourceTree = "<group>"; };
		FA7E66362B01D6E5004171CC /* ml_model.py */ = {isa = PBXFileReference; lastKnownFileType = text.script.python; path = ml_model.py; sourceTree = "<group>"; };
		FA9E90492B25778A002FA304 /* training.csv */ = {isa = PBXFileReference; lastKnownFileType = text; path = training.csv; sourceTree = "<group>"; };
/* End PBXFileReference section */

/* Begin PBXFrameworksBuildPhase section */
		FA3510D92AEDBFC2009AC75B /* Frameworks */ = {
			isa = PBXFrameworksBuildPhase;
			buildActionMask = 2147483647;
			files = (
				FA35110C2AEDC5C7009AC75B /* FirebaseAuth in Frameworks */,
				FA35110E2AEDC5C7009AC75B /* FirebaseFirestore in Frameworks */,
				FA3511102AEDC5C7009AC75B /* FirebaseFirestoreSwift in Frameworks */,
				FA7E663A2B01D825004171CC /* PythonKit in Frameworks */,
			);
			runOnlyForDeploymentPostprocessing = 0;
		};
		FA3510E92AEDBFC5009AC75B /* Frameworks */ = {
			isa = PBXFrameworksBuildPhase;
			buildActionMask = 2147483647;
			files = (
			);
			runOnlyForDeploymentPostprocessing = 0;
		};
		FA3510F32AEDBFC5009AC75B /* Frameworks */ = {
			isa = PBXFrameworksBuildPhase;
			buildActionMask = 2147483647;
			files = (
			);
			runOnlyForDeploymentPostprocessing = 0;
		};
/* End PBXFrameworksBuildPhase section */

/* Begin PBXGroup section */
		FA3510D32AEDBFC2009AC75B = {
			isa = PBXGroup;
			children = (
				FA3511172AEDD5B6009AC75B /* README.md */,
				FA3510DE2AEDBFC2009AC75B /* Velocity */,
				FA3510EF2AEDBFC5009AC75B /* VelocityTests */,
				FA3510F92AEDBFC5009AC75B /* VelocityUITests */,
				FA3510DD2AEDBFC2009AC75B /* Products */,
			);
			sourceTree = "<group>";
		};
		FA3510DD2AEDBFC2009AC75B /* Products */ = {
			isa = PBXGroup;
			children = (
				FA3510DC2AEDBFC2009AC75B /* Velocity.app */,
				FA3510EC2AEDBFC5009AC75B /* VelocityTests.xctest */,
				FA3510F62AEDBFC5009AC75B /* VelocityUITests.xctest */,
			);
			name = Products;
			sourceTree = "<group>";
		};
		FA3510DE2AEDBFC2009AC75B /* Velocity */ = {
			isa = PBXGroup;
			children = (
				FA3511162AEDCA25009AC75B /* Other */,
				FA3511152AEDCA16009AC75B /* Models */,
				FA3511142AEDCA09009AC75B /* ViewModels */,
				FA3511132AEDC9FE009AC75B /* Views */,
				FA3510E52AEDBFC5009AC75B /* Preview Content */,
			);
			path = Velocity;
			sourceTree = "<group>";
		};
		FA3510E52AEDBFC5009AC75B /* Preview Content */ = {
			isa = PBXGroup;
			children = (
				FA3510E62AEDBFC5009AC75B /* Preview Assets.xcassets */,
			);
			path = "Preview Content";
			sourceTree = "<group>";
		};
		FA3510EF2AEDBFC5009AC75B /* VelocityTests */ = {
			isa = PBXGroup;
			children = (
				FA3510F02AEDBFC5009AC75B /* VelocityTests.swift */,
			);
			path = VelocityTests;
			sourceTree = "<group>";
		};
		FA3510F92AEDBFC5009AC75B /* VelocityUITests */ = {
			isa = PBXGroup;
			children = (
				FA3510FA2AEDBFC5009AC75B /* VelocityUITests.swift */,
				FA3510FC2AEDBFC5009AC75B /* VelocityUITestsLaunchTests.swift */,
			);
			path = VelocityUITests;
			sourceTree = "<group>";
		};
		FA3511132AEDC9FE009AC75B /* Views */ = {
			isa = PBXGroup;
			children = (
				FA3510E12AEDBFC2009AC75B /* MainView.swift */,
				FA3511182AEDD671009AC75B /* ProfileView.swift */,
				FA35111A2AEDD67F009AC75B /* ToDoListView.swift */,
				FA35111C2AEDD68D009AC75B /* NewItemView.swift */,
				FA35111E2AEDD697009AC75B /* LoginView.swift */,
				FA3511202AEDD6A2009AC75B /* RegisterView.swift */,
				FA3511222AEDD6B9009AC75B /* ToDoListItemView.swift */,
				FA3511362AEEE1BB009AC75B /* HeaderView.swift */,
				FA3511382AEEE93B009AC75B /* VButton.swift */,
			);
			path = Views;
			sourceTree = "<group>";
		};
		FA3511142AEDCA09009AC75B /* ViewModels */ = {
			isa = PBXGroup;
			children = (
				FA35112C2AEDDB3B009AC75B /* ToDoListViewViewModel.swift */,
				FA35112A2AEDDB2D009AC75B /* ProfileViewViewModel.swift */,
				FA3511282AEDDB22009AC75B /* MainViewViewModel.swift */,
				FA35112E2AEDDB44009AC75B /* NewItemViewViewModel.swift */,
				FA3511302AEDDB58009AC75B /* LoginViewViewModel.swift */,
				FA3511322AEDDB71009AC75B /* RegisterViewViewModel.swift */,
				FA3511342AEDDB84009AC75B /* ToDoListItemViewViewModel.swift */,
			);
			path = ViewModels;
			sourceTree = "<group>";
		};
		FA3511152AEDCA16009AC75B /* Models */ = {
			isa = PBXGroup;
			children = (
				FA3511242AEDD96C009AC75B /* User.swift */,
				FA3511262AEDD975009AC75B /* ToDoListItem.swift */,
			);
			path = Models;
			sourceTree = "<group>";
		};
		FA3511162AEDCA25009AC75B /* Other */ = {
			isa = PBXGroup;
			children = (
				FA3510E32AEDBFC5009AC75B /* Assets.xcassets */,
				FA3510DF2AEDBFC2009AC75B /* VelocityApp.swift */,
				FA3511112AEDC742009AC75B /* GoogleService-Info.plist */,
				FA35113A2AEF385F009AC75B /* Extensions.swift */,
				FA7E66362B01D6E5004171CC /* ml_model.py */,
				FA9E90492B25778A002FA304 /* training.csv */,
			);
			path = Other;
			sourceTree = "<group>";
		};
/* End PBXGroup section */

/* Begin PBXNativeTarget section */
		FA3510DB2AEDBFC2009AC75B /* Velocity */ = {
			isa = PBXNativeTarget;
			buildConfigurationList = FA3511002AEDBFC5009AC75B /* Build configuration list for PBXNativeTarget "Velocity" */;
			buildPhases = (
				FA3510D82AEDBFC2009AC75B /* Sources */,
				FA3510D92AEDBFC2009AC75B /* Frameworks */,
				FA3510DA2AEDBFC2009AC75B /* Resources */,
			);
			buildRules = (
			);
			dependencies = (
			);
			name = Velocity;
			packageProductDependencies = (
				FA35110B2AEDC5C7009AC75B /* FirebaseAuth */,
				FA35110D2AEDC5C7009AC75B /* FirebaseFirestore */,
				FA35110F2AEDC5C7009AC75B /* FirebaseFirestoreSwift */,
				FA7E66392B01D825004171CC /* PythonKit */,
			);
			productName = Velocity;
			productReference = FA3510DC2AEDBFC2009AC75B /* Velocity.app */;
			productType = "com.apple.product-type.application";
		};
		FA3510EB2AEDBFC5009AC75B /* VelocityTests */ = {
			isa = PBXNativeTarget;
			buildConfigurationList = FA3511032AEDBFC5009AC75B /* Build configuration list for PBXNativeTarget "VelocityTests" */;
			buildPhases = (
				FA3510E82AEDBFC5009AC75B /* Sources */,
				FA3510E92AEDBFC5009AC75B /* Frameworks */,
				FA3510EA2AEDBFC5009AC75B /* Resources */,
			);
			buildRules = (
			);
			dependencies = (
				FA3510EE2AEDBFC5009AC75B /* PBXTargetDependency */,
			);
			name = VelocityTests;
			productName = VelocityTests;
			productReference = FA3510EC2AEDBFC5009AC75B /* VelocityTests.xctest */;
			productType = "com.apple.product-type.bundle.unit-test";
		};
		FA3510F52AEDBFC5009AC75B /* VelocityUITests */ = {
			isa = PBXNativeTarget;
			buildConfigurationList = FA3511062AEDBFC5009AC75B /* Build configuration list for PBXNativeTarget "VelocityUITests" */;
			buildPhases = (
				FA3510F22AEDBFC5009AC75B /* Sources */,
				FA3510F32AEDBFC5009AC75B /* Frameworks */,
				FA3510F42AEDBFC5009AC75B /* Resources */,
			);
			buildRules = (
			);
			dependencies = (
				FA3510F82AEDBFC5009AC75B /* PBXTargetDependency */,
			);
			name = VelocityUITests;
			productName = VelocityUITests;
			productReference = FA3510F62AEDBFC5009AC75B /* VelocityUITests.xctest */;
			productType = "com.apple.product-type.bundle.ui-testing";
		};
/* End PBXNativeTarget section */

/* Begin PBXProject section */
		FA3510D42AEDBFC2009AC75B /* Project object */ = {
			isa = PBXProject;
			attributes = {
				BuildIndependentTargetsInParallel = 1;
				LastSwiftUpdateCheck = 1500;
				LastUpgradeCheck = 1500;
				TargetAttributes = {
					FA3510DB2AEDBFC2009AC75B = {
						CreatedOnToolsVersion = 15.0.1;
					};
					FA3510EB2AEDBFC5009AC75B = {
						CreatedOnToolsVersion = 15.0.1;
						TestTargetID = FA3510DB2AEDBFC2009AC75B;
					};
					FA3510F52AEDBFC5009AC75B = {
						CreatedOnToolsVersion = 15.0.1;
						TestTargetID = FA3510DB2AEDBFC2009AC75B;
					};
				};
			};
			buildConfigurationList = FA3510D72AEDBFC2009AC75B /* Build configuration list for PBXProject "Velocity" */;
			compatibilityVersion = "Xcode 14.0";
			developmentRegion = en;
			hasScannedForEncodings = 0;
			knownRegions = (
				en,
				Base,
			);
			mainGroup = FA3510D32AEDBFC2009AC75B;
			packageReferences = (
				FA35110A2AEDC5C7009AC75B /* XCRemoteSwiftPackageReference "firebase-ios-sdk" */,
				FA7E66382B01D825004171CC /* XCRemoteSwiftPackageReference "PythonKit" */,
			);
			productRefGroup = FA3510DD2AEDBFC2009AC75B /* Products */;
			projectDirPath = "";
			projectRoot = "";
			targets = (
				FA3510DB2AEDBFC2009AC75B /* Velocity */,
				FA3510EB2AEDBFC5009AC75B /* VelocityTests */,
				FA3510F52AEDBFC5009AC75B /* VelocityUITests */,
			);
		};
/* End PBXProject section */

/* Begin PBXResourcesBuildPhase section */
		FA3510DA2AEDBFC2009AC75B /* Resources */ = {
			isa = PBXResourcesBuildPhase;
			buildActionMask = 2147483647;
			files = (
				FA3510E72AEDBFC5009AC75B /* Preview Assets.xcassets in Resources */,
				FA9E904A2B25778A002FA304 /* training.csv in Resources */,
				FA3510E42AEDBFC5009AC75B /* Assets.xcassets in Resources */,
				FA3511122AEDC742009AC75B /* GoogleService-Info.plist in Resources */,
				FA7E66372B01D6E5004171CC /* ml_model.py in Resources */,
			);
			runOnlyForDeploymentPostprocessing = 0;
		};
		FA3510EA2AEDBFC5009AC75B /* Resources */ = {
			isa = PBXResourcesBuildPhase;
			buildActionMask = 2147483647;
			files = (
			);
			runOnlyForDeploymentPostprocessing = 0;
		};
		FA3510F42AEDBFC5009AC75B /* Resources */ = {
			isa = PBXResourcesBuildPhase;
			buildActionMask = 2147483647;
			files = (
			);
			runOnlyForDeploymentPostprocessing = 0;
		};
/* End PBXResourcesBuildPhase section */

/* Begin PBXSourcesBuildPhase section */
		FA3510D82AEDBFC2009AC75B /* Sources */ = {
			isa = PBXSourcesBuildPhase;
			buildActionMask = 2147483647;
			files = (
				FA35111F2AEDD697009AC75B /* LoginView.swift in Sources */,
				FA3511372AEEE1BB009AC75B /* HeaderView.swift in Sources */,
				FA3510E22AEDBFC2009AC75B /* MainView.swift in Sources */,
				FA3511332AEDDB71009AC75B /* RegisterViewViewModel.swift in Sources */,
				FA3511292AEDDB22009AC75B /* MainViewViewModel.swift in Sources */,
				FA35112B2AEDDB2D009AC75B /* ProfileViewViewModel.swift in Sources */,
				FA3511392AEEE93B009AC75B /* VButton.swift in Sources */,
				FA3511192AEDD671009AC75B /* ProfileView.swift in Sources */,
				FA3511212AEDD6A2009AC75B /* RegisterView.swift in Sources */,
				FA35111B2AEDD67F009AC75B /* ToDoListView.swift in Sources */,
				FA3511252AEDD96C009AC75B /* User.swift in Sources */,
				FA3511232AEDD6B9009AC75B /* ToDoListItemView.swift in Sources */,
				FA35112D2AEDDB3B009AC75B /* ToDoListViewViewModel.swift in Sources */,
				FA3511312AEDDB58009AC75B /* LoginViewViewModel.swift in Sources */,
				FA3510E02AEDBFC2009AC75B /* VelocityApp.swift in Sources */,
				FA35113B2AEF385F009AC75B /* Extensions.swift in Sources */,
				FA3511272AEDD975009AC75B /* ToDoListItem.swift in Sources */,
				FA35112F2AEDDB44009AC75B /* NewItemViewViewModel.swift in Sources */,
				FA35111D2AEDD68D009AC75B /* NewItemView.swift in Sources */,
				FA3511352AEDDB84009AC75B /* ToDoListItemViewViewModel.swift in Sources */,
			);
			runOnlyForDeploymentPostprocessing = 0;
		};
		FA3510E82AEDBFC5009AC75B /* Sources */ = {
			isa = PBXSourcesBuildPhase;
			buildActionMask = 2147483647;
			files = (
				FA3510F12AEDBFC5009AC75B /* VelocityTests.swift in Sources */,
			);
			runOnlyForDeploymentPostprocessing = 0;
		};
		FA3510F22AEDBFC5009AC75B /* Sources */ = {
			isa = PBXSourcesBuildPhase;
			buildActionMask = 2147483647;
			files = (
				FA3510FD2AEDBFC5009AC75B /* VelocityUITestsLaunchTests.swift in Sources */,
				FA3510FB2AEDBFC5009AC75B /* VelocityUITests.swift in Sources */,
			);
			runOnlyForDeploymentPostprocessing = 0;
		};
/* End PBXSourcesBuildPhase section */

/* Begin PBXTargetDependency section */
		FA3510EE2AEDBFC5009AC75B /* PBXTargetDependency */ = {
			isa = PBXTargetDependency;
			target = FA3510DB2AEDBFC2009AC75B /* Velocity */;
			targetProxy = FA3510ED2AEDBFC5009AC75B /* PBXContainerItemProxy */;
		};
		FA3510F82AEDBFC5009AC75B /* PBXTargetDependency */ = {
			isa = PBXTargetDependency;
			target = FA3510DB2AEDBFC2009AC75B /* Velocity */;
			targetProxy = FA3510F72AEDBFC5009AC75B /* PBXContainerItemProxy */;
		};
/* End PBXTargetDependency section */

/* Begin XCBuildConfiguration section */
		FA3510FE2AEDBFC5009AC75B /* Debug */ = {
			isa = XCBuildConfiguration;
			buildSettings = {
				ALWAYS_SEARCH_USER_PATHS = NO;
				ASSETCATALOG_COMPILER_GENERATE_SWIFT_ASSET_SYMBOL_EXTENSIONS = YES;
				CLANG_ANALYZER_NONNULL = YES;
				CLANG_ANALYZER_NUMBER_OBJECT_CONVERSION = YES_AGGRESSIVE;
				CLANG_CXX_LANGUAGE_STANDARD = "gnu++20";
				CLANG_ENABLE_MODULES = YES;
				CLANG_ENABLE_OBJC_ARC = YES;
				CLANG_ENABLE_OBJC_WEAK = YES;
				CLANG_WARN_BLOCK_CAPTURE_AUTORELEASING = YES;
				CLANG_WARN_BOOL_CONVERSION = YES;
				CLANG_WARN_COMMA = YES;
				CLANG_WARN_CONSTANT_CONVERSION = YES;
				CLANG_WARN_DEPRECATED_OBJC_IMPLEMENTATIONS = YES;
				CLANG_WARN_DIRECT_OBJC_ISA_USAGE = YES_ERROR;
				CLANG_WARN_DOCUMENTATION_COMMENTS = YES;
				CLANG_WARN_EMPTY_BODY = YES;
				CLANG_WARN_ENUM_CONVERSION = YES;
				CLANG_WARN_INFINITE_RECURSION = YES;
				CLANG_WARN_INT_CONVERSION = YES;
				CLANG_WARN_NON_LITERAL_NULL_CONVERSION = YES;
				CLANG_WARN_OBJC_IMPLICIT_RETAIN_SELF = YES;
				CLANG_WARN_OBJC_LITERAL_CONVERSION = YES;
				CLANG_WARN_OBJC_ROOT_CLASS = YES_ERROR;
				CLANG_WARN_QUOTED_INCLUDE_IN_FRAMEWORK_HEADER = YES;
				CLANG_WARN_RANGE_LOOP_ANALYSIS = YES;
				CLANG_WARN_STRICT_PROTOTYPES = YES;
				CLANG_WARN_SUSPICIOUS_MOVE = YES;
				CLANG_WARN_UNGUARDED_AVAILABILITY = YES_AGGRESSIVE;
				CLANG_WARN_UNREACHABLE_CODE = YES;
				CLANG_WARN__DUPLICATE_METHOD_MATCH = YES;
				COPY_PHASE_STRIP = NO;
				DEBUG_INFORMATION_FORMAT = dwarf;
				ENABLE_STRICT_OBJC_MSGSEND = YES;
				ENABLE_TESTABILITY = YES;
				ENABLE_USER_SCRIPT_SANDBOXING = YES;
				GCC_C_LANGUAGE_STANDARD = gnu17;
				GCC_DYNAMIC_NO_PIC = NO;
				GCC_NO_COMMON_BLOCKS = YES;
				GCC_OPTIMIZATION_LEVEL = 0;
				GCC_PREPROCESSOR_DEFINITIONS = (
					"DEBUG=1",
					"$(inherited)",
				);
				GCC_WARN_64_TO_32_BIT_CONVERSION = YES;
				GCC_WARN_ABOUT_RETURN_TYPE = YES_ERROR;
				GCC_WARN_UNDECLARED_SELECTOR = YES;
				GCC_WARN_UNINITIALIZED_AUTOS = YES_AGGRESSIVE;
				GCC_WARN_UNUSED_FUNCTION = YES;
				GCC_WARN_UNUSED_VARIABLE = YES;
				IPHONEOS_DEPLOYMENT_TARGET = 17.0;
				LOCALIZATION_PREFERS_STRING_CATALOGS = YES;
				MTL_ENABLE_DEBUG_INFO = INCLUDE_SOURCE;
				MTL_FAST_MATH = YES;
				ONLY_ACTIVE_ARCH = YES;
				SDKROOT = iphoneos;
				SWIFT_ACTIVE_COMPILATION_CONDITIONS = "DEBUG $(inherited)";
				SWIFT_OPTIMIZATION_LEVEL = "-Onone";
			};
			name = Debug;
		};
		FA3510FF2AEDBFC5009AC75B /* Release */ = {
			isa = XCBuildConfiguration;
			buildSettings = {
				ALWAYS_SEARCH_USER_PATHS = NO;
				ASSETCATALOG_COMPILER_GENERATE_SWIFT_ASSET_SYMBOL_EXTENSIONS = YES;
				CLANG_ANALYZER_NONNULL = YES;
				CLANG_ANALYZER_NUMBER_OBJECT_CONVERSION = YES_AGGRESSIVE;
				CLANG_CXX_LANGUAGE_STANDARD = "gnu++20";
				CLANG_ENABLE_MODULES = YES;
				CLANG_ENABLE_OBJC_ARC = YES;
				CLANG_ENABLE_OBJC_WEAK = YES;
				CLANG_WARN_BLOCK_CAPTURE_AUTORELEASING = YES;
				CLANG_WARN_BOOL_CONVERSION = YES;
				CLANG_WARN_COMMA = YES;
				CLANG_WARN_CONSTANT_CONVERSION = YES;
				CLANG_WARN_DEPRECATED_OBJC_IMPLEMENTATIONS = YES;
				CLANG_WARN_DIRECT_OBJC_ISA_USAGE = YES_ERROR;
				CLANG_WARN_DOCUMENTATION_COMMENTS = YES;
				CLANG_WARN_EMPTY_BODY = YES;
				CLANG_WARN_ENUM_CONVERSION = YES;
				CLANG_WARN_INFINITE_RECURSION = YES;
				CLANG_WARN_INT_CONVERSION = YES;
				CLANG_WARN_NON_LITERAL_NULL_CONVERSION = YES;
				CLANG_WARN_OBJC_IMPLICIT_RETAIN_SELF = YES;
				CLANG_WARN_OBJC_LITERAL_CONVERSION = YES;
				CLANG_WARN_OBJC_ROOT_CLASS = YES_ERROR;
				CLANG_WARN_QUOTED_INCLUDE_IN_FRAMEWORK_HEADER = YES;
				CLANG_WARN_RANGE_LOOP_ANALYSIS = YES;
				CLANG_WARN_STRICT_PROTOTYPES = YES;
				CLANG_WARN_SUSPICIOUS_MOVE = YES;
				CLANG_WARN_UNGUARDED_AVAILABILITY = YES_AGGRESSIVE;
				CLANG_WARN_UNREACHABLE_CODE = YES;
				CLANG_WARN__DUPLICATE_METHOD_MATCH = YES;
				COPY_PHASE_STRIP = NO;
				DEBUG_INFORMATION_FORMAT = "dwarf-with-dsym";
				ENABLE_NS_ASSERTIONS = NO;
				ENABLE_STRICT_OBJC_MSGSEND = YES;
				ENABLE_USER_SCRIPT_SANDBOXING = YES;
				GCC_C_LANGUAGE_STANDARD = gnu17;
				GCC_NO_COMMON_BLOCKS = YES;
				GCC_WARN_64_TO_32_BIT_CONVERSION = YES;
				GCC_WARN_ABOUT_RETURN_TYPE = YES_ERROR;
				GCC_WARN_UNDECLARED_SELECTOR = YES;
				GCC_WARN_UNINITIALIZED_AUTOS = YES_AGGRESSIVE;
				GCC_WARN_UNUSED_FUNCTION = YES;
				GCC_WARN_UNUSED_VARIABLE = YES;
				IPHONEOS_DEPLOYMENT_TARGET = 17.0;
				LOCALIZATION_PREFERS_STRING_CATALOGS = YES;
				MTL_ENABLE_DEBUG_INFO = NO;
				MTL_FAST_MATH = YES;
				SDKROOT = iphoneos;
				SWIFT_COMPILATION_MODE = wholemodule;
				VALIDATE_PRODUCT = YES;
			};
			name = Release;
		};
		FA3511012AEDBFC5009AC75B /* Debug */ = {
			isa = XCBuildConfiguration;
			buildSettings = {
				ASSETCATALOG_COMPILER_APPICON_NAME = AppIcon;
				ASSETCATALOG_COMPILER_GLOBAL_ACCENT_COLOR_NAME = AccentColor;
				CODE_SIGN_STYLE = Automatic;
				CURRENT_PROJECT_VERSION = 1;
				DEVELOPMENT_ASSET_PATHS = "\"Velocity/Preview Content\"";
				ENABLE_PREVIEWS = YES;
				GENERATE_INFOPLIST_FILE = YES;
				INFOPLIST_KEY_CFBundleDisplayName = "Velocity ";
				INFOPLIST_KEY_UIApplicationSceneManifest_Generation = YES;
				INFOPLIST_KEY_UIApplicationSupportsIndirectInputEvents = YES;
				INFOPLIST_KEY_UILaunchScreen_Generation = YES;
				INFOPLIST_KEY_UIStatusBarStyle = "";
				INFOPLIST_KEY_UISupportedInterfaceOrientations = UIInterfaceOrientationPortrait;
				LD_RUNPATH_SEARCH_PATHS = (
					"$(inherited)",
					"@executable_path/Frameworks",
				);
				MARKETING_VERSION = 1.0;
				PRODUCT_BUNDLE_IDENTIFIER = IHaroon.Velocity;
				PRODUCT_NAME = "$(TARGET_NAME)";
				SWIFT_EMIT_LOC_STRINGS = YES;
				SWIFT_VERSION = 5.0;
				TARGETED_DEVICE_FAMILY = "1,2";
			};
			name = Debug;
		};
		FA3511022AEDBFC5009AC75B /* Release */ = {
			isa = XCBuildConfiguration;
			buildSettings = {
				ASSETCATALOG_COMPILER_APPICON_NAME = AppIcon;
				ASSETCATALOG_COMPILER_GLOBAL_ACCENT_COLOR_NAME = AccentColor;
				CODE_SIGN_STYLE = Automatic;
				CURRENT_PROJECT_VERSION = 1;
				DEVELOPMENT_ASSET_PATHS = "\"Velocity/Preview Content\"";
				ENABLE_PREVIEWS = YES;
				GENERATE_INFOPLIST_FILE = YES;
				INFOPLIST_KEY_CFBundleDisplayName = "Velocity ";
				INFOPLIST_KEY_UIApplicationSceneManifest_Generation = YES;
				INFOPLIST_KEY_UIApplicationSupportsIndirectInputEvents = YES;
				INFOPLIST_KEY_UILaunchScreen_Generation = YES;
				INFOPLIST_KEY_UIStatusBarStyle = "";
				INFOPLIST_KEY_UISupportedInterfaceOrientations = UIInterfaceOrientationPortrait;
				LD_RUNPATH_SEARCH_PATHS = (
					"$(inherited)",
					"@executable_path/Frameworks",
				);
				MARKETING_VERSION = 1.0;
				PRODUCT_BUNDLE_IDENTIFIER = IHaroon.Velocity;
				PRODUCT_NAME = "$(TARGET_NAME)";
				SWIFT_EMIT_LOC_STRINGS = YES;
				SWIFT_VERSION = 5.0;
				TARGETED_DEVICE_FAMILY = "1,2";
			};
			name = Release;
		};
		FA3511042AEDBFC5009AC75B /* Debug */ = {
			isa = XCBuildConfiguration;
			buildSettings = {
				ALWAYS_EMBED_SWIFT_STANDARD_LIBRARIES = YES;
				BUNDLE_LOADER = "$(TEST_HOST)";
				CODE_SIGN_STYLE = Automatic;
				CURRENT_PROJECT_VERSION = 1;
				GENERATE_INFOPLIST_FILE = YES;
				IPHONEOS_DEPLOYMENT_TARGET = 17.0;
				MARKETING_VERSION = 1.0;
				PRODUCT_BUNDLE_IDENTIFIER = IHaroon.VelocityTests;
				PRODUCT_NAME = "$(TARGET_NAME)";
				SWIFT_EMIT_LOC_STRINGS = NO;
				SWIFT_VERSION = 5.0;
				TARGETED_DEVICE_FAMILY = "1,2";
				TEST_HOST = "$(BUILT_PRODUCTS_DIR)/Velocity.app/$(BUNDLE_EXECUTABLE_FOLDER_PATH)/Velocity";
			};
			name = Debug;
		};
		FA3511052AEDBFC5009AC75B /* Release */ = {
			isa = XCBuildConfiguration;
			buildSettings = {
				ALWAYS_EMBED_SWIFT_STANDARD_LIBRARIES = YES;
				BUNDLE_LOADER = "$(TEST_HOST)";
				CODE_SIGN_STYLE = Automatic;
				CURRENT_PROJECT_VERSION = 1;
				GENERATE_INFOPLIST_FILE = YES;
				IPHONEOS_DEPLOYMENT_TARGET = 17.0;
				MARKETING_VERSION = 1.0;
				PRODUCT_BUNDLE_IDENTIFIER = IHaroon.VelocityTests;
				PRODUCT_NAME = "$(TARGET_NAME)";
				SWIFT_EMIT_LOC_STRINGS = NO;
				SWIFT_VERSION = 5.0;
				TARGETED_DEVICE_FAMILY = "1,2";
				TEST_HOST = "$(BUILT_PRODUCTS_DIR)/Velocity.app/$(BUNDLE_EXECUTABLE_FOLDER_PATH)/Velocity";
			};
			name = Release;
		};
		FA3511072AEDBFC5009AC75B /* Debug */ = {
			isa = XCBuildConfiguration;
			buildSettings = {
				ALWAYS_EMBED_SWIFT_STANDARD_LIBRARIES = YES;
				CODE_SIGN_STYLE = Automatic;
				CURRENT_PROJECT_VERSION = 1;
				GENERATE_INFOPLIST_FILE = YES;
				MARKETING_VERSION = 1.0;
				PRODUCT_BUNDLE_IDENTIFIER = IHaroon.VelocityUITests;
				PRODUCT_NAME = "$(TARGET_NAME)";
				SWIFT_EMIT_LOC_STRINGS = NO;
				SWIFT_VERSION = 5.0;
				TARGETED_DEVICE_FAMILY = "1,2";
				TEST_TARGET_NAME = Velocity;
			};
			name = Debug;
		};
		FA3511082AEDBFC5009AC75B /* Release */ = {
			isa = XCBuildConfiguration;
			buildSettings = {
				ALWAYS_EMBED_SWIFT_STANDARD_LIBRARIES = YES;
				CODE_SIGN_STYLE = Automatic;
				CURRENT_PROJECT_VERSION = 1;
				GENERATE_INFOPLIST_FILE = YES;
				MARKETING_VERSION = 1.0;
				PRODUCT_BUNDLE_IDENTIFIER = IHaroon.VelocityUITests;
				PRODUCT_NAME = "$(TARGET_NAME)";
				SWIFT_EMIT_LOC_STRINGS = NO;
				SWIFT_VERSION = 5.0;
				TARGETED_DEVICE_FAMILY = "1,2";
				TEST_TARGET_NAME = Velocity;
			};
			name = Release;
		};
/* End XCBuildConfiguration section */

/* Begin XCConfigurationList section */
		FA3510D72AEDBFC2009AC75B /* Build configuration list for PBXProject "Velocity" */ = {
			isa = XCConfigurationList;
			buildConfigurations = (
				FA3510FE2AEDBFC5009AC75B /* Debug */,
				FA3510FF2AEDBFC5009AC75B /* Release */,
			);
			defaultConfigurationIsVisible = 0;
			defaultConfigurationName = Release;
		};
		FA3511002AEDBFC5009AC75B /* Build configuration list for PBXNativeTarget "Velocity" */ = {
			isa = XCConfigurationList;
			buildConfigurations = (
				FA3511012AEDBFC5009AC75B /* Debug */,
				FA3511022AEDBFC5009AC75B /* Release */,
			);
			defaultConfigurationIsVisible = 0;
			defaultConfigurationName = Release;
		};
		FA3511032AEDBFC5009AC75B /* Build configuration list for PBXNativeTarget "VelocityTests" */ = {
			isa = XCConfigurationList;
			buildConfigurations = (
				FA3511042AEDBFC5009AC75B /* Debug */,
				FA3511052AEDBFC5009AC75B /* Release */,
			);
			defaultConfigurationIsVisible = 0;
			defaultConfigurationName = Release;
		};
		FA3511062AEDBFC5009AC75B /* Build configuration list for PBXNativeTarget "VelocityUITests" */ = {
			isa = XCConfigurationList;
			buildConfigurations = (
				FA3511072AEDBFC5009AC75B /* Debug */,
				FA3511082AEDBFC5009AC75B /* Release */,
			);
			defaultConfigurationIsVisible = 0;
			defaultConfigurationName = Release;
		};
/* End XCConfigurationList section */

/* Begin XCRemoteSwiftPackageReference section */
		FA35110A2AEDC5C7009AC75B /* XCRemoteSwiftPackageReference "firebase-ios-sdk" */ = {
			isa = XCRemoteSwiftPackageReference;
			repositoryURL = "https://github.com/firebase/firebase-ios-sdk";
			requirement = {
				kind = upToNextMajorVersion;
				minimumVersion = 10.16.0;
			};
		};
		FA7E66382B01D825004171CC /* XCRemoteSwiftPackageReference "PythonKit" */ = {
			isa = XCRemoteSwiftPackageReference;
			repositoryURL = "https://github.com/pvieito/PythonKit";
			requirement = {
				branch = master;
				kind = branch;
			};
		};
/* End XCRemoteSwiftPackageReference section */

/* Begin XCSwiftPackageProductDependency section */
		FA35110B2AEDC5C7009AC75B /* FirebaseAuth */ = {
			isa = XCSwiftPackageProductDependency;
			package = FA35110A2AEDC5C7009AC75B /* XCRemoteSwiftPackageReference "firebase-ios-sdk" */;
			productName = FirebaseAuth;
		};
		FA35110D2AEDC5C7009AC75B /* FirebaseFirestore */ = {
			isa = XCSwiftPackageProductDependency;
			package = FA35110A2AEDC5C7009AC75B /* XCRemoteSwiftPackageReference "firebase-ios-sdk" */;
			productName = FirebaseFirestore;
		};
		FA35110F2AEDC5C7009AC75B /* FirebaseFirestoreSwift */ = {
			isa = XCSwiftPackageProductDependency;
			package = FA35110A2AEDC5C7009AC75B /* XCRemoteSwiftPackageReference "firebase-ios-sdk" */;
			productName = FirebaseFirestoreSwift;
		};
		FA7E66392B01D825004171CC /* PythonKit */ = {
			isa = XCSwiftPackageProductDependency;
			package = FA7E66382B01D825004171CC /* XCRemoteSwiftPackageReference "PythonKit" */;
			productName = PythonKit;
		};
/* End XCSwiftPackageProductDependency section */
	};
	rootObject = FA3510D42AEDBFC2009AC75B /* Project object */;
}
